
Microsoft Visual Studio Solution File, Format Version 12.00
# Visual Studio Version 17
VisualStudioVersion = 17.1.32127.271
MinimumVisualStudioVersion = 10.0.40219.1
Project("{9A19103F-16F7-4668-BE54-9A1E7A4F7556}") = "OnlineEnergyUtilityPlateformAPI", "LoyallaApi\OnlineEnergyUtilityPlateformAPI.csproj", "{21411EA8-685E-4188-90BF-FBA1C462DC9F}"
EndProject
Global
	GlobalSection(SolutionConfigurationPlatforms) = preSolution
		Debug|Any CPU = Debug|Any CPU
		Release|Any CPU = Release|Any CPU
	EndGlobalSection
	GlobalSection(ProjectConfigurationPlatforms) = postSolution
		{21411EA8-685E-4188-90BF-FBA1C462DC9F}.Debug|Any CPU.ActiveCfg = Debug|Any CPU
		{21411EA8-685E-4188-90BF-FBA1C462DC9F}.Debug|Any CPU.Build.0 = Debug|Any CPU
		{21411EA8-685E-4188-90BF-FBA1C462DC9F}.Release|Any CPU.ActiveCfg = Release|Any CPU
		{21411EA8-685E-4188-90BF-FBA1C462DC9F}.Release|Any CPU.Build.0 = Release|Any CPU
	EndGlobalSection
	GlobalSection(SolutionProperties) = preSolution
		HideSolutionNode = FALSE
	EndGlobalSection
	GlobalSection(ExtensibilityGlobals) = postSolution
		SolutionGuid = {9D25495C-5E8E-4C5C-910C-4F1924562953}
	EndGlobalSection
EndGlobal
